// !$*UTF8*$!
{
	archiveVersion = 1;
	classes = {
	};
	objectVersion = 50;
	objects = {

/* Begin PBXBuildFile section */
		5ACBE8E525BEB8E0000A4AF5 /* AppDelegate.m in Sources */ = {isa = PBXBuildFile; fileRef = 5ACBE8E425BEB8E0000A4AF5 /* AppDelegate.m */; };
		5ACBE8E825BEB8E0000A4AF5 /* SceneDelegate.m in Sources */ = {isa = PBXBuildFile; fileRef = 5ACBE8E725BEB8E0000A4AF5 /* SceneDelegate.m */; };
		5ACBE8EB25BEB8E0000A4AF5 /* ViewController.m in Sources */ = {isa = PBXBuildFile; fileRef = 5ACBE8EA25BEB8E0000A4AF5 /* ViewController.m */; };
		5ACBE8EE25BEB8E0000A4AF5 /* Main.storyboard in Resources */ = {isa = PBXBuildFile; fileRef = 5ACBE8EC25BEB8E0000A4AF5 /* Main.storyboard */; };
		5ACBE8F025BEB8E2000A4AF5 /* Assets.xcassets in Resources */ = {isa = PBXBuildFile; fileRef = 5ACBE8EF25BEB8E2000A4AF5 /* Assets.xcassets */; };
		5ACBE8F325BEB8E2000A4AF5 /* LaunchScreen.storyboard in Resources */ = {isa = PBXBuildFile; fileRef = 5ACBE8F125BEB8E2000A4AF5 /* LaunchScreen.storyboard */; };
		5ACBE8F625BEB8E2000A4AF5 /* main.m in Sources */ = {isa = PBXBuildFile; fileRef = 5ACBE8F525BEB8E2000A4AF5 /* main.m */; };
		5ACBE90025BEB8E2000A4AF5 /* WebTestTests.m in Sources */ = {isa = PBXBuildFile; fileRef = 5ACBE8FF25BEB8E2000A4AF5 /* WebTestTests.m */; };
		5ACBE90B25BEB8E2000A4AF5 /* WebTestUITests.m in Sources */ = {isa = PBXBuildFile; fileRef = 5ACBE90A25BEB8E2000A4AF5 /* WebTestUITests.m */; };
		5ACBE92925BEBCCF000A4AF5 /* Podfile in Resources */ = {isa = PBXBuildFile; fileRef = 5ACBE92825BEBCCE000A4AF5 /* Podfile */; };
		5ACBE94725BECC59000A4AF5 /* Website in Resources */ = {isa = PBXBuildFile; fileRef = 5ACBE94625BECC59000A4AF5 /* Website */; };
		5ACBE94F25BECCA5000A4AF5 /* index.html in Resources */ = {isa = PBXBuildFile; fileRef = 5ACBE94E25BECCA5000A4AF5 /* index.html */; };
		5ACBEB2925C03E74000A4AF5 /* 2.jpg in Resources */ = {isa = PBXBuildFile; fileRef = 5ACBEB2825C03E74000A4AF5 /* 2.jpg */; };
		80EA857C9A06B4F55B46B837 /* libPods-WebTest.a in Frameworks */ = {isa = PBXBuildFile; fileRef = CBF461D75B58AFE4846C3723 /* libPods-WebTest.a */; };
/* End PBXBuildFile section */

/* Begin PBXContainerItemProxy section */
		5ACBE8FC25BEB8E2000A4AF5 /* PBXContainerItemProxy */ = {
			isa = PBXContainerItemProxy;
			containerPortal = 5ACBE8D825BEB8E0000A4AF5 /* Project object */;
			proxyType = 1;
			remoteGlobalIDString = 5ACBE8DF25BEB8E0000A4AF5;
			remoteInfo = WebTest;
		};
		5ACBE90725BEB8E2000A4AF5 /* PBXContainerItemProxy */ = {
			isa = PBXContainerItemProxy;
			containerPortal = 5ACBE8D825BEB8E0000A4AF5 /* Project object */;
			proxyType = 1;
			remoteGlobalIDString = 5ACBE8DF25BEB8E0000A4AF5;
			remoteInfo = WebTest;
		};
/* End PBXContainerItemProxy section */

/* Begin PBXFileReference section */
		0DD4DBE1B3763C6F29907C70 /* Pods-WebTest.debug.xcconfig */ = {isa = PBXFileReference; includeInIndex = 1; lastKnownFileType = text.xcconfig; name = "Pods-WebTest.debug.xcconfig"; path = "Target Support Files/Pods-WebTest/Pods-WebTest.debug.xcconfig"; sourceTree = "<group>"; };
		0EDBE24C685ED229669A0BCC /* Pods-WebTest.release.xcconfig */ = {isa = PBXFileReference; includeInIndex = 1; lastKnownFileType = text.xcconfig; name = "Pods-WebTest.release.xcconfig"; path = "Target Support Files/Pods-WebTest/Pods-WebTest.release.xcconfig"; sourceTree = "<group>"; };
		5ACBE8E025BEB8E0000A4AF5 /* WebTest.app */ = {isa = PBXFileReference; explicitFileType = wrapper.application; includeInIndex = 0; path = WebTest.app; sourceTree = BUILT_PRODUCTS_DIR; };
		5ACBE8E325BEB8E0000A4AF5 /* AppDelegate.h */ = {isa = PBXFileReference; lastKnownFileType = sourcecode.c.h; path = AppDelegate.h; sourceTree = "<group>"; };
		5ACBE8E425BEB8E0000A4AF5 /* AppDelegate.m */ = {isa = PBXFileReference; lastKnownFileType = sourcecode.c.objc; path = AppDelegate.m; sourceTree = "<group>"; };
		5ACBE8E625BEB8E0000A4AF5 /* SceneDelegate.h */ = {isa = PBXFileReference; lastKnownFileType = sourcecode.c.h; path = SceneDelegate.h; sourceTree = "<group>"; };
		5ACBE8E725BEB8E0000A4AF5 /* SceneDelegate.m */ = {isa = PBXFileReference; lastKnownFileType = sourcecode.c.objc; path = SceneDelegate.m; sourceTree = "<group>"; };
		5ACBE8E925BEB8E0000A4AF5 /* ViewController.h */ = {isa = PBXFileReference; lastKnownFileType = sourcecode.c.h; path = ViewController.h; sourceTree = "<group>"; };
		5ACBE8EA25BEB8E0000A4AF5 /* ViewController.m */ = {isa = PBXFileReference; lastKnownFileType = sourcecode.c.objc; path = ViewController.m; sourceTree = "<group>"; };
		5ACBE8ED25BEB8E0000A4AF5 /* Base */ = {isa = PBXFileReference; lastKnownFileType = file.storyboard; name = Base; path = Base.lproj/Main.storyboard; sourceTree = "<group>"; };
		5ACBE8EF25BEB8E2000A4AF5 /* Assets.xcassets */ = {isa = PBXFileReference; lastKnownFileType = folder.assetcatalog; path = Assets.xcassets; sourceTree = "<group>"; };
		5ACBE8F225BEB8E2000A4AF5 /* Base */ = {isa = PBXFileReference; lastKnownFileType = file.storyboard; name = Base; path = Base.lproj/LaunchScreen.storyboard; sourceTree = "<group>"; };
		5ACBE8F425BEB8E2000A4AF5 /* Info.plist */ = {isa = PBXFileReference; lastKnownFileType = text.plist.xml; path = Info.plist; sourceTree = "<group>"; };
		5ACBE8F525BEB8E2000A4AF5 /* main.m */ = {isa = PBXFileReference; lastKnownFileType = sourcecode.c.objc; path = main.m; sourceTree = "<group>"; };
		5ACBE8FB25BEB8E2000A4AF5 /* WebTestTests.xctest */ = {isa = PBXFileReference; explicitFileType = wrapper.cfbundle; includeInIndex = 0; path = WebTestTests.xctest; sourceTree = BUILT_PRODUCTS_DIR; };
		5ACBE8FF25BEB8E2000A4AF5 /* WebTestTests.m */ = {isa = PBXFileReference; lastKnownFileType = sourcecode.c.objc; path = WebTestTests.m; sourceTree = "<group>"; };
		5ACBE90125BEB8E2000A4AF5 /* Info.plist */ = {isa = PBXFileReference; lastKnownFileType = text.plist.xml; path = Info.plist; sourceTree = "<group>"; };
		5ACBE90625BEB8E2000A4AF5 /* WebTestUITests.xctest */ = {isa = PBXFileReference; explicitFileType = wrapper.cfbundle; includeInIndex = 0; path = WebTestUITests.xctest; sourceTree = BUILT_PRODUCTS_DIR; };
		5ACBE90A25BEB8E2000A4AF5 /* WebTestUITests.m */ = {isa = PBXFileReference; lastKnownFileType = sourcecode.c.objc; path = WebTestUITests.m; sourceTree = "<group>"; };
		5ACBE90C25BEB8E2000A4AF5 /* Info.plist */ = {isa = PBXFileReference; lastKnownFileType = text.plist.xml; path = Info.plist; sourceTree = "<group>"; };
		5ACBE92825BEBCCE000A4AF5 /* Podfile */ = {isa = PBXFileReference; fileEncoding = 4; lastKnownFileType = text; path = Podfile; sourceTree = "<group>"; xcLanguageSpecificationIdentifier = xcode.lang.ruby; };
		5ACBE94625BECC59000A4AF5 /* Website */ = {isa = PBXFileReference; lastKnownFileType = folder; path = Website; sourceTree = "<group>"; };
		5ACBE94E25BECCA5000A4AF5 /* index.html */ = {isa = PBXFileReference; fileEncoding = 4; lastKnownFileType = text.html; path = index.html; sourceTree = "<group>"; };
		5ACBEB2825C03E74000A4AF5 /* 2.jpg */ = {isa = PBXFileReference; lastKnownFileType = image.jpeg; path = 2.jpg; sourceTree = "<group>"; };
		CBF461D75B58AFE4846C3723 /* libPods-WebTest.a */ = {isa = PBXFileReference; explicitFileType = archive.ar; includeInIndex = 0; path = "libPods-WebTest.a"; sourceTree = BUILT_PRODUCTS_DIR; };
/* End PBXFileReference section */

/* Begin PBXFrameworksBuildPhase section */
		5ACBE8DD25BEB8E0000A4AF5 /* Frameworks */ = {
			isa = PBXFrameworksBuildPhase;
			buildActionMask = 2147483647;
			files = (
				80EA857C9A06B4F55B46B837 /* libPods-WebTest.a in Frameworks */,
			);
			runOnlyForDeploymentPostprocessing = 0;
		};
		5ACBE8F825BEB8E2000A4AF5 /* Frameworks */ = {
			isa = PBXFrameworksBuildPhase;
			buildActionMask = 2147483647;
			files = (
			);
			runOnlyForDeploymentPostprocessing = 0;
		};
		5ACBE90325BEB8E2000A4AF5 /* Frameworks */ = {
			isa = PBXFrameworksBuildPhase;
			buildActionMask = 2147483647;
			files = (
			);
			runOnlyForDeploymentPostprocessing = 0;
		};
/* End PBXFrameworksBuildPhase section */

/* Begin PBXGroup section */
		5ACBE8D725BEB8E0000A4AF5 = {
			isa = PBXGroup;
			children = (
				5ACBE92825BEBCCE000A4AF5 /* Podfile */,
				5ACBE8E225BEB8E0000A4AF5 /* WebTest */,
				5ACBE8FE25BEB8E2000A4AF5 /* WebTestTests */,
				5ACBE90925BEB8E2000A4AF5 /* WebTestUITests */,
				5ACBE8E125BEB8E0000A4AF5 /* Products */,
				91F01F45FAB9587DCB666AC5 /* Pods */,
				F0E78DB8E7F9342920AFF0B9 /* Frameworks */,
			);
			sourceTree = "<group>";
		};
		5ACBE8E125BEB8E0000A4AF5 /* Products */ = {
			isa = PBXGroup;
			children = (
				5ACBE8E025BEB8E0000A4AF5 /* WebTest.app */,
				5ACBE8FB25BEB8E2000A4AF5 /* WebTestTests.xctest */,
				5ACBE90625BEB8E2000A4AF5 /* WebTestUITests.xctest */,
			);
			name = Products;
			sourceTree = "<group>";
		};
		5ACBE8E225BEB8E0000A4AF5 /* WebTest */ = {
			isa = PBXGroup;
			children = (
				5ACBE8E325BEB8E0000A4AF5 /* AppDelegate.h */,
				5ACBE8E425BEB8E0000A4AF5 /* AppDelegate.m */,
				5ACBE8E625BEB8E0000A4AF5 /* SceneDelegate.h */,
				5ACBE8E725BEB8E0000A4AF5 /* SceneDelegate.m */,
				5ACBE8E925BEB8E0000A4AF5 /* ViewController.h */,
				5ACBE8EA25BEB8E0000A4AF5 /* ViewController.m */,
				5ACBEB2825C03E74000A4AF5 /* 2.jpg */,
				5ACBE94E25BECCA5000A4AF5 /* index.html */,
				5ACBE94625BECC59000A4AF5 /* Website */,
				5ACBE8EC25BEB8E0000A4AF5 /* Main.storyboard */,
				5ACBE8EF25BEB8E2000A4AF5 /* Assets.xcassets */,
				5ACBE8F125BEB8E2000A4AF5 /* LaunchScreen.storyboard */,
				5ACBE8F425BEB8E2000A4AF5 /* Info.plist */,
				5ACBE8F525BEB8E2000A4AF5 /* main.m */,
			);
			path = WebTest;
			sourceTree = "<group>";
		};
		5ACBE8FE25BEB8E2000A4AF5 /* WebTestTests */ = {
			isa = PBXGroup;
			children = (
				5ACBE8FF25BEB8E2000A4AF5 /* WebTestTests.m */,
				5ACBE90125BEB8E2000A4AF5 /* Info.plist */,
			);
			path = WebTestTests;
			sourceTree = "<group>";
		};
		5ACBE90925BEB8E2000A4AF5 /* WebTestUITests */ = {
			isa = PBXGroup;
			children = (
				5ACBE90A25BEB8E2000A4AF5 /* WebTestUITests.m */,
				5ACBE90C25BEB8E2000A4AF5 /* Info.plist */,
			);
			path = WebTestUITests;
			sourceTree = "<group>";
		};
		91F01F45FAB9587DCB666AC5 /* Pods */ = {
			isa = PBXGroup;
			children = (
				0DD4DBE1B3763C6F29907C70 /* Pods-WebTest.debug.xcconfig */,
				0EDBE24C685ED229669A0BCC /* Pods-WebTest.release.xcconfig */,
			);
			path = Pods;
			sourceTree = "<group>";
		};
		F0E78DB8E7F9342920AFF0B9 /* Frameworks */ = {
			isa = PBXGroup;
			children = (
				CBF461D75B58AFE4846C3723 /* libPods-WebTest.a */,
			);
			name = Frameworks;
			sourceTree = "<group>";
		};
/* End PBXGroup section */

/* Begin PBXNativeTarget section */
		5ACBE8DF25BEB8E0000A4AF5 /* WebTest */ = {
			isa = PBXNativeTarget;
			buildConfigurationList = 5ACBE90F25BEB8E2000A4AF5 /* Build configuration list for PBXNativeTarget "WebTest" */;
			buildPhases = (
				2E06C4DBA3C6203959C60CF6 /* [CP] Check Pods Manifest.lock */,
				5ACBE8DC25BEB8E0000A4AF5 /* Sources */,
				5ACBE8DD25BEB8E0000A4AF5 /* Frameworks */,
				5ACBE8DE25BEB8E0000A4AF5 /* Resources */,
			);
			buildRules = (
			);
			dependencies = (
			);
			name = WebTest;
			productName = WebTest;
			productReference = 5ACBE8E025BEB8E0000A4AF5 /* WebTest.app */;
			productType = "com.apple.product-type.application";
		};
		5ACBE8FA25BEB8E2000A4AF5 /* WebTestTests */ = {
			isa = PBXNativeTarget;
			buildConfigurationList = 5ACBE91225BEB8E2000A4AF5 /* Build configuration list for PBXNativeTarget "WebTestTests" */;
			buildPhases = (
				5ACBE8F725BEB8E2000A4AF5 /* Sources */,
				5ACBE8F825BEB8E2000A4AF5 /* Frameworks */,
				5ACBE8F925BEB8E2000A4AF5 /* Resources */,
			);
			buildRules = (
			);
			dependencies = (
				5ACBE8FD25BEB8E2000A4AF5 /* PBXTargetDependency */,
			);
			name = WebTestTests;
			productName = WebTestTests;
			productReference = 5ACBE8FB25BEB8E2000A4AF5 /* WebTestTests.xctest */;
			productType = "com.apple.product-type.bundle.unit-test";
		};
		5ACBE90525BEB8E2000A4AF5 /* WebTestUITests */ = {
			isa = PBXNativeTarget;
			buildConfigurationList = 5ACBE91525BEB8E2000A4AF5 /* Build configuration list for PBXNativeTarget "WebTestUITests" */;
			buildPhases = (
				5ACBE90225BEB8E2000A4AF5 /* Sources */,
				5ACBE90325BEB8E2000A4AF5 /* Frameworks */,
				5ACBE90425BEB8E2000A4AF5 /* Resources */,
			);
			buildRules = (
			);
			dependencies = (
				5ACBE90825BEB8E2000A4AF5 /* PBXTargetDependency */,
			);
			name = WebTestUITests;
			productName = WebTestUITests;
			productReference = 5ACBE90625BEB8E2000A4AF5 /* WebTestUITests.xctest */;
			productType = "com.apple.product-type.bundle.ui-testing";
		};
/* End PBXNativeTarget section */

/* Begin PBXProject section */
		5ACBE8D825BEB8E0000A4AF5 /* Project object */ = {
			isa = PBXProject;
			attributes = {
				LastUpgradeCheck = 1230;
				TargetAttributes = {
					5ACBE8DF25BEB8E0000A4AF5 = {
						CreatedOnToolsVersion = 12.3;
					};
					5ACBE8FA25BEB8E2000A4AF5 = {
						CreatedOnToolsVersion = 12.3;
						TestTargetID = 5ACBE8DF25BEB8E0000A4AF5;
					};
					5ACBE90525BEB8E2000A4AF5 = {
						CreatedOnToolsVersion = 12.3;
						TestTargetID = 5ACBE8DF25BEB8E0000A4AF5;
					};
				};
			};
			buildConfigurationList = 5ACBE8DB25BEB8E0000A4AF5 /* Build configuration list for PBXProject "WebTest" */;
			compatibilityVersion = "Xcode 9.3";
			developmentRegion = en;
			hasScannedForEncodings = 0;
			knownRegions = (
				en,
				Base,
			);
			mainGroup = 5ACBE8D725BEB8E0000A4AF5;
			productRefGroup = 5ACBE8E125BEB8E0000A4AF5 /* Products */;
			projectDirPath = "";
			projectRoot = "";
			targets = (
				5ACBE8DF25BEB8E0000A4AF5 /* WebTest */,
				5ACBE8FA25BEB8E2000A4AF5 /* WebTestTests */,
				5ACBE90525BEB8E2000A4AF5 /* WebTestUITests */,
			);
		};
/* End PBXProject section */

/* Begin PBXResourcesBuildPhase section */
		5ACBE8DE25BEB8E0000A4AF5 /* Resources */ = {
			isa = PBXResourcesBuildPhase;
			buildActionMask = 2147483647;
			files = (
				5ACBE92925BEBCCF000A4AF5 /* Podfile in Resources */,
				5ACBE8F325BEB8E2000A4AF5 /* LaunchScreen.storyboard in Resources */,
				5ACBEB2925C03E74000A4AF5 /* 2.jpg in Resources */,
				5ACBE8F025BEB8E2000A4AF5 /* Assets.xcassets in Resources */,
				5ACBE94F25BECCA5000A4AF5 /* index.html in Resources */,
				5ACBE94725BECC59000A4AF5 /* Website in Resources */,
				5ACBE8EE25BEB8E0000A4AF5 /* Main.storyboard in Resources */,
			);
			runOnlyForDeploymentPostprocessing = 0;
		};
		5ACBE8F925BEB8E2000A4AF5 /* Resources */ = {
			isa = PBXResourcesBuildPhase;
			buildActionMask = 2147483647;
			files = (
			);
			runOnlyForDeploymentPostprocessing = 0;
		};
		5ACBE90425BEB8E2000A4AF5 /* Resources */ = {
			isa = PBXResourcesBuildPhase;
			buildActionMask = 2147483647;
			files = (
			);
			runOnlyForDeploymentPostprocessing = 0;
		};
/* End PBXResourcesBuildPhase section */

/* Begin PBXShellScriptBuildPhase section */
		2E06C4DBA3C6203959C60CF6 /* [CP] Check Pods Manifest.lock */ = {
			isa = PBXShellScriptBuildPhase;
			buildActionMask = 2147483647;
			files = (
			);
			inputFileListPaths = (
			);
			inputPaths = (
				"${PODS_PODFILE_DIR_PATH}/Podfile.lock",
				"${PODS_ROOT}/Manifest.lock",
			);
			name = "[CP] Check Pods Manifest.lock";
			outputFileListPaths = (
			);
			outputPaths = (
				"$(DERIVED_FILE_DIR)/Pods-WebTest-checkManifestLockResult.txt",
			);
			runOnlyForDeploymentPostprocessing = 0;
			shellPath = /bin/sh;
			shellScript = "diff \"${PODS_PODFILE_DIR_PATH}/Podfile.lock\" \"${PODS_ROOT}/Manifest.lock\" > /dev/null\nif [ $? != 0 ] ; then\n    # print error to STDERR\n    echo \"error: The sandbox is not in sync with the Podfile.lock. Run 'pod install' or update your CocoaPods installation.\" >&2\n    exit 1\nfi\n# This output is used by Xcode 'outputs' to avoid re-running this script phase.\necho \"SUCCESS\" > \"${SCRIPT_OUTPUT_FILE_0}\"\n";
			showEnvVarsInLog = 0;
		};
/* End PBXShellScriptBuildPhase section */

/* Begin PBXSourcesBuildPhase section */
		5ACBE8DC25BEB8E0000A4AF5 /* Sources */ = {
			isa = PBXSourcesBuildPhase;
			buildActionMask = 2147483647;
			files = (
				5ACBE8EB25BEB8E0000A4AF5 /* ViewController.m in Sources */,
				5ACBE8E525BEB8E0000A4AF5 /* AppDelegate.m in Sources */,
				5ACBE8F625BEB8E2000A4AF5 /* main.m in Sources */,
				5ACBE8E825BEB8E0000A4AF5 /* SceneDelegate.m in Sources */,
			);
			runOnlyForDeploymentPostprocessing = 0;
		};
		5ACBE8F725BEB8E2000A4AF5 /* Sources */ = {
			isa = PBXSourcesBuildPhase;
			buildActionMask = 2147483647;
			files = (
				5ACBE90025BEB8E2000A4AF5 /* WebTestTests.m in Sources */,
			);
			runOnlyForDeploymentPostprocessing = 0;
		};
		5ACBE90225BEB8E2000A4AF5 /* Sources */ = {
			isa = PBXSourcesBuildPhase;
			buildActionMask = 2147483647;
			files = (
				5ACBE90B25BEB8E2000A4AF5 /* WebTestUITests.m in Sources */,
			);
			runOnlyForDeploymentPostprocessing = 0;
		};
/* End PBXSourcesBuildPhase section */

/* Begin PBXTargetDependency section */
		5ACBE8FD25BEB8E2000A4AF5 /* PBXTargetDependency */ = {
			isa = PBXTargetDependency;
			target = 5ACBE8DF25BEB8E0000A4AF5 /* WebTest */;
			targetProxy = 5ACBE8FC25BEB8E2000A4AF5 /* PBXContainerItemProxy */;
		};
		5ACBE90825BEB8E2000A4AF5 /* PBXTargetDependency */ = {
			isa = PBXTargetDependency;
			target = 5ACBE8DF25BEB8E0000A4AF5 /* WebTest */;
			targetProxy = 5ACBE90725BEB8E2000A4AF5 /* PBXContainerItemProxy */;
		};
/* End PBXTargetDependency section */

/* Begin PBXVariantGroup section */
		5ACBE8EC25BEB8E0000A4AF5 /* Main.storyboard */ = {
			isa = PBXVariantGroup;
			children = (
				5ACBE8ED25BEB8E0000A4AF5 /* Base */,
			);
			name = Main.storyboard;
			sourceTree = "<group>";
		};
		5ACBE8F125BEB8E2000A4AF5 /* LaunchScreen.storyboard */ = {
			isa = PBXVariantGroup;
			children = (
				5ACBE8F225BEB8E2000A4AF5 /* Base */,
			);
			name = LaunchScreen.storyboard;
			sourceTree = "<group>";
		};
/* End PBXVariantGroup section */

/* Begin XCBuildConfiguration section */
		5ACBE90D25BEB8E2000A4AF5 /* Debug */ = {
			isa = XCBuildConfiguration;
			buildSettings = {
				ALWAYS_SEARCH_USER_PATHS = NO;
				CLANG_ANALYZER_NONNULL = YES;
				CLANG_ANALYZER_NUMBER_OBJECT_CONVERSION = YES_AGGRESSIVE;
				CLANG_CXX_LANGUAGE_STANDARD = "gnu++14";
				CLANG_CXX_LIBRARY = "libc++";
				CLANG_ENABLE_MODULES = YES;
				CLANG_ENABLE_OBJC_ARC = YES;
				CLANG_ENABLE_OBJC_WEAK = YES;
				CLANG_WARN_BLOCK_CAPTURE_AUTORELEASING = YES;
				CLANG_WARN_BOOL_CONVERSION = YES;
				CLANG_WARN_COMMA = YES;
				CLANG_WARN_CONSTANT_CONVERSION = YES;
				CLANG_WARN_DEPRECATED_OBJC_IMPLEMENTATIONS = YES;
				CLANG_WARN_DIRECT_OBJC_ISA_USAGE = YES_ERROR;
				CLANG_WARN_DOCUMENTATION_COMMENTS = YES;
				CLANG_WARN_EMPTY_BODY = YES;
				CLANG_WARN_ENUM_CONVERSION = YES;
				CLANG_WARN_INFINITE_RECURSION = YES;
				CLANG_WARN_INT_CONVERSION = YES;
				CLANG_WARN_NON_LITERAL_NULL_CONVERSION = YES;
				CLANG_WARN_OBJC_IMPLICIT_RETAIN_SELF = YES;
				CLANG_WARN_OBJC_LITERAL_CONVERSION = YES;
				CLANG_WARN_OBJC_ROOT_CLASS = YES_ERROR;
				CLANG_WARN_QUOTED_INCLUDE_IN_FRAMEWORK_HEADER = YES;
				CLANG_WARN_RANGE_LOOP_ANALYSIS = YES;
				CLANG_WARN_STRICT_PROTOTYPES = YES;
				CLANG_WARN_SUSPICIOUS_MOVE = YES;
				CLANG_WARN_UNGUARDED_AVAILABILITY = YES_AGGRESSIVE;
				CLANG_WARN_UNREACHABLE_CODE = YES;
				CLANG_WARN__DUPLICATE_METHOD_MATCH = YES;
				COPY_PHASE_STRIP = NO;
				DEBUG_INFORMATION_FORMAT = dwarf;
				ENABLE_STRICT_OBJC_MSGSEND = YES;
				ENABLE_TESTABILITY = YES;
				GCC_C_LANGUAGE_STANDARD = gnu11;
				GCC_DYNAMIC_NO_PIC = NO;
				GCC_NO_COMMON_BLOCKS = YES;
				GCC_OPTIMIZATION_LEVEL = 0;
				GCC_PREPROCESSOR_DEFINITIONS = (
					"DEBUG=1",
					"$(inherited)",
				);
				GCC_WARN_64_TO_32_BIT_CONVERSION = YES;
				GCC_WARN_ABOUT_RETURN_TYPE = YES_ERROR;
				GCC_WARN_UNDECLARED_SELECTOR = YES;
				GCC_WARN_UNINITIALIZED_AUTOS = YES_AGGRESSIVE;
				GCC_WARN_UNUSED_FUNCTION = YES;
				GCC_WARN_UNUSED_VARIABLE = YES;
				IPHONEOS_DEPLOYMENT_TARGET = 11.0;
				MTL_ENABLE_DEBUG_INFO = INCLUDE_SOURCE;
				MTL_FAST_MATH = YES;
				ONLY_ACTIVE_ARCH = YES;
				SDKROOT = iphoneos;
			};
			name = Debug;
		};
		5ACBE90E25BEB8E2000A4AF5 /* Release */ = {
			isa = XCBuildConfiguration;
			buildSettings = {
				ALWAYS_SEARCH_USER_PATHS = NO;
				CLANG_ANALYZER_NONNULL = YES;
				CLANG_ANALYZER_NUMBER_OBJECT_CONVERSION = YES_AGGRESSIVE;
				CLANG_CXX_LANGUAGE_STANDARD = "gnu++14";
				CLANG_CXX_LIBRARY = "libc++";
				CLANG_ENABLE_MODULES = YES;
				CLANG_ENABLE_OBJC_ARC = YES;
				CLANG_ENABLE_OBJC_WEAK = YES;
				CLANG_WARN_BLOCK_CAPTURE_AUTORELEASING = YES;
				CLANG_WARN_BOOL_CONVERSION = YES;
				CLANG_WARN_COMMA = YES;
				CLANG_WARN_CONSTANT_CONVERSION = YES;
				CLANG_WARN_DEPRECATED_OBJC_IMPLEMENTATIONS = YES;
				CLANG_WARN_DIRECT_OBJC_ISA_USAGE = YES_ERROR;
				CLANG_WARN_DOCUMENTATION_COMMENTS = YES;
				CLANG_WARN_EMPTY_BODY = YES;
				CLANG_WARN_ENUM_CONVERSION = YES;
				CLANG_WARN_INFINITE_RECURSION = YES;
				CLANG_WARN_INT_CONVERSION = YES;
				CLANG_WARN_NON_LITERAL_NULL_CONVERSION = YES;
				CLANG_WARN_OBJC_IMPLICIT_RETAIN_SELF = YES;
				CLANG_WARN_OBJC_LITERAL_CONVERSION = YES;
				CLANG_WARN_OBJC_ROOT_CLASS = YES_ERROR;
				CLANG_WARN_QUOTED_INCLUDE_IN_FRAMEWORK_HEADER = YES;
				CLANG_WARN_RANGE_LOOP_ANALYSIS = YES;
				CLANG_WARN_STRICT_PROTOTYPES = YES;
				CLANG_WARN_SUSPICIOUS_MOVE = YES;
				CLANG_WARN_UNGUARDED_AVAILABILITY = YES_AGGRESSIVE;
				CLANG_WARN_UNREACHABLE_CODE = YES;
				CLANG_WARN__DUPLICATE_METHOD_MATCH = YES;
				COPY_PHASE_STRIP = NO;
				DEBUG_INFORMATION_FORMAT = "dwarf-with-dsym";
				ENABLE_NS_ASSERTIONS = NO;
				ENABLE_STRICT_OBJC_MSGSEND = YES;
				GCC_C_LANGUAGE_STANDARD = gnu11;
				GCC_NO_COMMON_BLOCKS = YES;
				GCC_WARN_64_TO_32_BIT_CONVERSION = YES;
				GCC_WARN_ABOUT_RETURN_TYPE = YES_ERROR;
				GCC_WARN_UNDECLARED_SELECTOR = YES;
				GCC_WARN_UNINITIALIZED_AUTOS = YES_AGGRESSIVE;
				GCC_WARN_UNUSED_FUNCTION = YES;
				GCC_WARN_UNUSED_VARIABLE = YES;
				IPHONEOS_DEPLOYMENT_TARGET = 11.0;
				MTL_ENABLE_DEBUG_INFO = NO;
				MTL_FAST_MATH = YES;
				SDKROOT = iphoneos;
				VALIDATE_PRODUCT = YES;
			};
			name = Release;
		};
		5ACBE91025BEB8E2000A4AF5 /* Debug */ = {
			isa = XCBuildConfiguration;
			baseConfigurationReference = 0DD4DBE1B3763C6F29907C70 /* Pods-WebTest.debug.xcconfig */;
			buildSettings = {
				ASSETCATALOG_COMPILER_APPICON_NAME = AppIcon;
				ASSETCATALOG_COMPILER_GLOBAL_ACCENT_COLOR_NAME = AccentColor;
				CODE_SIGN_STYLE = Automatic;
				DEVELOPMENT_TEAM = PSXU6QK9LQ;
				INFOPLIST_FILE = WebTest/Info.plist;
				LD_RUNPATH_SEARCH_PATHS = (
					"$(inherited)",
					"@executable_path/Frameworks",
				);
				PRODUCT_BUNDLE_IDENTIFIER = com.zj.WebTest;
				PRODUCT_NAME = "$(TARGET_NAME)";
				TARGETED_DEVICE_FAMILY = "1,2";
			};
			name = Debug;
		};
		5ACBE91125BEB8E2000A4AF5 /* Release */ = {
			isa = XCBuildConfiguration;
			baseConfigurationReference = 0EDBE24C685ED229669A0BCC /* Pods-WebTest.release.xcconfig */;
			buildSettings = {
				ASSETCATALOG_COMPILER_APPICON_NAME = AppIcon;
				ASSETCATALOG_COMPILER_GLOBAL_ACCENT_COLOR_NAME = AccentColor;
				CODE_SIGN_STYLE = Automatic;
				DEVELOPMENT_TEAM = PSXU6QK9LQ;
				INFOPLIST_FILE = WebTest/Info.plist;
				LD_RUNPATH_SEARCH_PATHS = (
					"$(inherited)",
					"@executable_path/Frameworks",
				);
				PRODUCT_BUNDLE_IDENTIFIER = com.zj.WebTest;
				PRODUCT_NAME = "$(TARGET_NAME)";
				TARGETED_DEVICE_FAMILY = "1,2";
			};
			name = Release;
		};
		5ACBE91325BEB8E2000A4AF5 /* Debug */ = {
			isa = XCBuildConfiguration;
			buildSettings = {
				BUNDLE_LOADER = "$(TEST_HOST)";
				CODE_SIGN_STYLE = Automatic;
				INFOPLIST_FILE = WebTestTests/Info.plist;
				IPHONEOS_DEPLOYMENT_TARGET = 14.3;
				LD_RUNPATH_SEARCH_PATHS = (
					"$(inherited)",
					"@executable_path/Frameworks",
					"@loader_path/Frameworks",
				);
				PRODUCT_BUNDLE_IDENTIFIER = com.zj.WebTestTests;
				PRODUCT_NAME = "$(TARGET_NAME)";
				TARGETED_DEVICE_FAMILY = "1,2";
				TEST_HOST = "$(BUILT_PRODUCTS_DIR)/WebTest.app/WebTest";
			};
			name = Debug;
		};
		5ACBE91425BEB8E2000A4AF5 /* Release */ = {
			isa = XCBuildConfiguration;
			buildSettings = {
				BUNDLE_LOADER = "$(TEST_HOST)";
				CODE_SIGN_STYLE = Automatic;
				INFOPLIST_FILE = WebTestTests/Info.plist;
				IPHONEOS_DEPLOYMENT_TARGET = 14.3;
				LD_RUNPATH_SEARCH_PATHS = (
					"$(inherited)",
					"@executable_path/Frameworks",
					"@loader_path/Frameworks",
				);
				PRODUCT_BUNDLE_IDENTIFIER = com.zj.WebTestTests;
				PRODUCT_NAME = "$(TARGET_NAME)";
				TARGETED_DEVICE_FAMILY = "1,2";
				TEST_HOST = "$(BUILT_PRODUCTS_DIR)/WebTest.app/WebTest";
			};
			name = Release;
		};
		5ACBE91625BEB8E2000A4AF5 /* Debug */ = {
			isa = XCBuildConfiguration;
			buildSettings = {
				CODE_SIGN_STYLE = Automatic;
				INFOPLIST_FILE = WebTestUITests/Info.plist;
				LD_RUNPATH_SEARCH_PATHS = (
					"$(inherited)",
					"@executable_path/Frameworks",
					"@loader_path/Frameworks",
				);
				PRODUCT_BUNDLE_IDENTIFIER = com.zj.WebTestUITests;
				PRODUCT_NAME = "$(TARGET_NAME)";
				TARGETED_DEVICE_FAMILY = "1,2";
				TEST_TARGET_NAME = WebTest;
			};
			name = Debug;
		};
		5ACBE91725BEB8E2000A4AF5 /* Release */ = {
			isa = XCBuildConfiguration;
			buildSettings = {
				CODE_SIGN_STYLE = Automatic;
				INFOPLIST_FILE = WebTestUITests/Info.plist;
				LD_RUNPATH_SEARCH_PATHS = (
					"$(inherited)",
					"@executable_path/Frameworks",
					"@loader_path/Frameworks",
				);
				PRODUCT_BUNDLE_IDENTIFIER = com.zj.WebTestUITests;
				PRODUCT_NAME = "$(TARGET_NAME)";
				TARGETED_DEVICE_FAMILY = "1,2";
				TEST_TARGET_NAME = WebTest;
			};
			name = Release;
		};
/* End XCBuildConfiguration section */

/* Begin XCConfigurationList section */
		5ACBE8DB25BEB8E0000A4AF5 /* Build configuration list for PBXProject "WebTest" */ = {
			isa = XCConfigurationList;
			buildConfigurations = (
				5ACBE90D25BEB8E2000A4AF5 /* Debug */,
				5ACBE90E25BEB8E2000A4AF5 /* Release */,
			);
			defaultConfigurationIsVisible = 0;
			defaultConfigurationName = Release;
		};
		5ACBE90F25BEB8E2000A4AF5 /* Build configuration list for PBXNativeTarget "WebTest" */ = {
			isa = XCConfigurationList;
			buildConfigurations = (
				5ACBE91025BEB8E2000A4AF5 /* Debug */,
				5ACBE91125BEB8E2000A4AF5 /* Release */,
			);
			defaultConfigurationIsVisible = 0;
			defaultConfigurationName = Release;
		};
		5ACBE91225BEB8E2000A4AF5 /* Build configuration list for PBXNativeTarget "WebTestTests" */ = {
			isa = XCConfigurationList;
			buildConfigurations = (
				5ACBE91325BEB8E2000A4AF5 /* Debug */,
				5ACBE91425BEB8E2000A4AF5 /* Release */,
			);
			defaultConfigurationIsVisible = 0;
			defaultConfigurationName = Release;
		};
		5ACBE91525BEB8E2000A4AF5 /* Build configuration list for PBXNativeTarget "WebTestUITests" */ = {
			isa = XCConfigurationList;
			buildConfigurations = (
				5ACBE91625BEB8E2000A4AF5 /* Debug */,
				5ACBE91725BEB8E2000A4AF5 /* Release */,
			);
			defaultConfigurationIsVisible = 0;
			defaultConfigurationName = Release;
		};
/* End XCConfigurationList section */
	};
	rootObject = 5ACBE8D825BEB8E0000A4AF5 /* Project object */;
}
